// !$*UTF8*$!
{
	archiveVersion = 1;
	classes = {
	};
	objectVersion = 46;
	objects = {

/* Begin PBXBuildFile section */
		637F9F3B17EC840300BD1B20 /* Foundation.framework in Frameworks */ = {isa = PBXBuildFile; fileRef = 637F9F3A17EC840300BD1B20 /* Foundation.framework */; };
		637F9F3D17EC840300BD1B20 /* CoreGraphics.framework in Frameworks */ = {isa = PBXBuildFile; fileRef = 637F9F3C17EC840300BD1B20 /* CoreGraphics.framework */; };
		637F9F3F17EC840300BD1B20 /* UIKit.framework in Frameworks */ = {isa = PBXBuildFile; fileRef = 637F9F3E17EC840300BD1B20 /* UIKit.framework */; };
		637F9F4517EC840300BD1B20 /* InfoPlist.strings in Resources */ = {isa = PBXBuildFile; fileRef = 637F9F4317EC840300BD1B20 /* InfoPlist.strings */; };
		637F9F4717EC840300BD1B20 /* main.m in Sources */ = {isa = PBXBuildFile; fileRef = 637F9F4617EC840300BD1B20 /* main.m */; };
		637F9F4B17EC840300BD1B20 /* blingsAppDelegate.m in Sources */ = {isa = PBXBuildFile; fileRef = 637F9F4A17EC840300BD1B20 /* blingsAppDelegate.m */; };
		637F9F4E17EC840300BD1B20 /* Main_iPhone.storyboard in Resources */ = {isa = PBXBuildFile; fileRef = 637F9F4C17EC840300BD1B20 /* Main_iPhone.storyboard */; };
		637F9F5117EC840300BD1B20 /* Main_iPad.storyboard in Resources */ = {isa = PBXBuildFile; fileRef = 637F9F4F17EC840300BD1B20 /* Main_iPad.storyboard */; };
		637F9F5417EC840300BD1B20 /* blingsViewController.m in Sources */ = {isa = PBXBuildFile; fileRef = 637F9F5317EC840300BD1B20 /* blingsViewController.m */; };
		637F9F5617EC840300BD1B20 /* Images.xcassets in Resources */ = {isa = PBXBuildFile; fileRef = 637F9F5517EC840300BD1B20 /* Images.xcassets */; };
		637F9F5D17EC840300BD1B20 /* XCTest.framework in Frameworks */ = {isa = PBXBuildFile; fileRef = 637F9F5C17EC840300BD1B20 /* XCTest.framework */; };
		637F9F5E17EC840300BD1B20 /* Foundation.framework in Frameworks */ = {isa = PBXBuildFile; fileRef = 637F9F3A17EC840300BD1B20 /* Foundation.framework */; };
		637F9F5F17EC840300BD1B20 /* UIKit.framework in Frameworks */ = {isa = PBXBuildFile; fileRef = 637F9F3E17EC840300BD1B20 /* UIKit.framework */; };
		637F9F6717EC840300BD1B20 /* InfoPlist.strings in Resources */ = {isa = PBXBuildFile; fileRef = 637F9F6517EC840300BD1B20 /* InfoPlist.strings */; };
		637F9F6917EC840300BD1B20 /* blingsTests.m in Sources */ = {isa = PBXBuildFile; fileRef = 637F9F6817EC840300BD1B20 /* blingsTests.m */; };
/* End PBXBuildFile section */

/* Begin PBXContainerItemProxy section */
		637F9F6017EC840300BD1B20 /* PBXContainerItemProxy */ = {
			isa = PBXContainerItemProxy;
			containerPortal = 637F9F2F17EC840300BD1B20 /* Project object */;
			proxyType = 1;
			remoteGlobalIDString = 637F9F3617EC840300BD1B20;
			remoteInfo = blings;
		};
/* End PBXContainerItemProxy section */

/* Begin PBXFileReference section */
		637F9F3717EC840300BD1B20 /* blings.app */ = {isa = PBXFileReference; explicitFileType = wrapper.application; includeInIndex = 0; path = blings.app; sourceTree = BUILT_PRODUCTS_DIR; };
		637F9F3A17EC840300BD1B20 /* Foundation.framework */ = {isa = PBXFileReference; lastKnownFileType = wrapper.framework; name = Foundation.framework; path = System/Library/Frameworks/Foundation.framework; sourceTree = SDKROOT; };
		637F9F3C17EC840300BD1B20 /* CoreGraphics.framework */ = {isa = PBXFileReference; lastKnownFileType = wrapper.framework; name = CoreGraphics.framework; path = System/Library/Frameworks/CoreGraphics.framework; sourceTree = SDKROOT; };
		637F9F3E17EC840300BD1B20 /* UIKit.framework */ = {isa = PBXFileReference; lastKnownFileType = wrapper.framework; name = UIKit.framework; path = System/Library/Frameworks/UIKit.framework; sourceTree = SDKROOT; };
		637F9F4217EC840300BD1B20 /* blings-Info.plist */ = {isa = PBXFileReference; lastKnownFileType = text.plist.xml; path = "blings-Info.plist"; sourceTree = "<group>"; };
		637F9F4417EC840300BD1B20 /* en */ = {isa = PBXFileReference; lastKnownFileType = text.plist.strings; name = en; path = en.lproj/InfoPlist.strings; sourceTree = "<group>"; };
		637F9F4617EC840300BD1B20 /* main.m */ = {isa = PBXFileReference; lastKnownFileType = sourcecode.c.objc; path = main.m; sourceTree = "<group>"; };
		637F9F4817EC840300BD1B20 /* blings-Prefix.pch */ = {isa = PBXFileReference; lastKnownFileType = sourcecode.c.h; path = "blings-Prefix.pch"; sourceTree = "<group>"; };
		637F9F4917EC840300BD1B20 /* blingsAppDelegate.h */ = {isa = PBXFileReference; lastKnownFileType = sourcecode.c.h; path = blingsAppDelegate.h; sourceTree = "<group>"; };
		637F9F4A17EC840300BD1B20 /* blingsAppDelegate.m */ = {isa = PBXFileReference; lastKnownFileType = sourcecode.c.objc; path = blingsAppDelegate.m; sourceTree = "<group>"; };
		637F9F4D17EC840300BD1B20 /* Base */ = {isa = PBXFileReference; lastKnownFileType = file.storyboard; name = Base; path = Base.lproj/Main_iPhone.storyboard; sourceTree = "<group>"; };
		637F9F5017EC840300BD1B20 /* Base */ = {isa = PBXFileReference; lastKnownFileType = file.storyboard; name = Base; path = Base.lproj/Main_iPad.storyboard; sourceTree = "<group>"; };
		637F9F5217EC840300BD1B20 /* blingsViewController.h */ = {isa = PBXFileReference; lastKnownFileType = sourcecode.c.h; path = blingsViewController.h; sourceTree = "<group>"; };
		637F9F5317EC840300BD1B20 /* blingsViewController.m */ = {isa = PBXFileReference; lastKnownFileType = sourcecode.c.objc; path = blingsViewController.m; sourceTree = "<group>"; };
		637F9F5517EC840300BD1B20 /* Images.xcassets */ = {isa = PBXFileReference; lastKnownFileType = folder.assetcatalog; path = Images.xcassets; sourceTree = "<group>"; };
		637F9F5B17EC840300BD1B20 /* blingsTests.xctest */ = {isa = PBXFileReference; explicitFileType = wrapper.cfbundle; includeInIndex = 0; path = blingsTests.xctest; sourceTree = BUILT_PRODUCTS_DIR; };
		637F9F5C17EC840300BD1B20 /* XCTest.framework */ = {isa = PBXFileReference; lastKnownFileType = wrapper.framework; name = XCTest.framework; path = Library/Frameworks/XCTest.framework; sourceTree = DEVELOPER_DIR; };
		637F9F6417EC840300BD1B20 /* blingsTests-Info.plist */ = {isa = PBXFileReference; lastKnownFileType = text.plist.xml; path = "blingsTests-Info.plist"; sourceTree = "<group>"; };
		637F9F6617EC840300BD1B20 /* en */ = {isa = PBXFileReference; lastKnownFileType = text.plist.strings; name = en; path = en.lproj/InfoPlist.strings; sourceTree = "<group>"; };
		637F9F6817EC840300BD1B20 /* blingsTests.m */ = {isa = PBXFileReference; lastKnownFileType = sourcecode.c.objc; path = blingsTests.m; sourceTree = "<group>"; };
/* End PBXFileReference section */

/* Begin PBXFrameworksBuildPhase section */
		637F9F3417EC840300BD1B20 /* Frameworks */ = {
			isa = PBXFrameworksBuildPhase;
			buildActionMask = 2147483647;
			files = (
				637F9F3D17EC840300BD1B20 /* CoreGraphics.framework in Frameworks */,
				637F9F3F17EC840300BD1B20 /* UIKit.framework in Frameworks */,
				637F9F3B17EC840300BD1B20 /* Foundation.framework in Frameworks */,
			);
			runOnlyForDeploymentPostprocessing = 0;
		};
		637F9F5817EC840300BD1B20 /* Frameworks */ = {
			isa = PBXFrameworksBuildPhase;
			buildActionMask = 2147483647;
			files = (
				637F9F5D17EC840300BD1B20 /* XCTest.framework in Frameworks */,
				637F9F5F17EC840300BD1B20 /* UIKit.framework in Frameworks */,
				637F9F5E17EC840300BD1B20 /* Foundation.framework in Frameworks */,
			);
			runOnlyForDeploymentPostprocessing = 0;
		};
/* End PBXFrameworksBuildPhase section */

/* Begin PBXGroup section */
		637F9F2E17EC840300BD1B20 = {
			isa = PBXGroup;
			children = (
				637F9F4017EC840300BD1B20 /* blings */,
				637F9F6217EC840300BD1B20 /* blingsTests */,
				637F9F3917EC840300BD1B20 /* Frameworks */,
				637F9F3817EC840300BD1B20 /* Products */,
			);
			sourceTree = "<group>";
		};
		637F9F3817EC840300BD1B20 /* Products */ = {
			isa = PBXGroup;
			children = (
				637F9F3717EC840300BD1B20 /* blings.app */,
				637F9F5B17EC840300BD1B20 /* blingsTests.xctest */,
			);
			name = Products;
			sourceTree = "<group>";
		};
		637F9F3917EC840300BD1B20 /* Frameworks */ = {
			isa = PBXGroup;
			children = (
				637F9F3A17EC840300BD1B20 /* Foundation.framework */,
				637F9F3C17EC840300BD1B20 /* CoreGraphics.framework */,
				637F9F3E17EC840300BD1B20 /* UIKit.framework */,
				637F9F5C17EC840300BD1B20 /* XCTest.framework */,
			);
			name = Frameworks;
			sourceTree = "<group>";
		};
		637F9F4017EC840300BD1B20 /* blings */ = {
			isa = PBXGroup;
			children = (
				637F9F4917EC840300BD1B20 /* blingsAppDelegate.h */,
				637F9F4A17EC840300BD1B20 /* blingsAppDelegate.m */,
				637F9F4C17EC840300BD1B20 /* Main_iPhone.storyboard */,
				637F9F4F17EC840300BD1B20 /* Main_iPad.storyboard */,
				637F9F5217EC840300BD1B20 /* blingsViewController.h */,
				637F9F5317EC840300BD1B20 /* blingsViewController.m */,
				637F9F5517EC840300BD1B20 /* Images.xcassets */,
				637F9F4117EC840300BD1B20 /* Supporting Files */,
			);
			path = blings;
			sourceTree = "<group>";
		};
		637F9F4117EC840300BD1B20 /* Supporting Files */ = {
			isa = PBXGroup;
			children = (
				637F9F4217EC840300BD1B20 /* blings-Info.plist */,
				637F9F4317EC840300BD1B20 /* InfoPlist.strings */,
				637F9F4617EC840300BD1B20 /* main.m */,
				637F9F4817EC840300BD1B20 /* blings-Prefix.pch */,
			);
			name = "Supporting Files";
			sourceTree = "<group>";
		};
		637F9F6217EC840300BD1B20 /* blingsTests */ = {
			isa = PBXGroup;
			children = (
				637F9F6817EC840300BD1B20 /* blingsTests.m */,
				637F9F6317EC840300BD1B20 /* Supporting Files */,
			);
			path = blingsTests;
			sourceTree = "<group>";
		};
		637F9F6317EC840300BD1B20 /* Supporting Files */ = {
			isa = PBXGroup;
			children = (
				637F9F6417EC840300BD1B20 /* blingsTests-Info.plist */,
				637F9F6517EC840300BD1B20 /* InfoPlist.strings */,
			);
			name = "Supporting Files";
			sourceTree = "<group>";
		};
/* End PBXGroup section */

/* Begin PBXNativeTarget section */
		637F9F3617EC840300BD1B20 /* blings */ = {
			isa = PBXNativeTarget;
			buildConfigurationList = 637F9F6C17EC840300BD1B20 /* Build configuration list for PBXNativeTarget "blings" */;
			buildPhases = (
				637F9F3317EC840300BD1B20 /* Sources */,
				637F9F3417EC840300BD1B20 /* Frameworks */,
				637F9F3517EC840300BD1B20 /* Resources */,
			);
			buildRules = (
			);
			dependencies = (
			);
			name = blings;
			productName = blings;
			productReference = 637F9F3717EC840300BD1B20 /* blings.app */;
			productType = "com.apple.product-type.application";
		};
		637F9F5A17EC840300BD1B20 /* blingsTests */ = {
			isa = PBXNativeTarget;
			buildConfigurationList = 637F9F6F17EC840300BD1B20 /* Build configuration list for PBXNativeTarget "blingsTests" */;
			buildPhases = (
				637F9F5717EC840300BD1B20 /* Sources */,
				637F9F5817EC840300BD1B20 /* Frameworks */,
				637F9F5917EC840300BD1B20 /* Resources */,
			);
			buildRules = (
			);
			dependencies = (
				637F9F6117EC840300BD1B20 /* PBXTargetDependency */,
			);
			name = blingsTests;
			productName = blingsTests;
			productReference = 637F9F5B17EC840300BD1B20 /* blingsTests.xctest */;
			productType = "com.apple.product-type.bundle.unit-test";
		};
/* End PBXNativeTarget section */

/* Begin PBXProject section */
		637F9F2F17EC840300BD1B20 /* Project object */ = {
			isa = PBXProject;
			attributes = {
				CLASSPREFIX = blings;
				LastUpgradeCheck = 0500;
				ORGANIZATIONNAME = "Grey Matter";
				TargetAttributes = {
					637F9F5A17EC840300BD1B20 = {
						TestTargetID = 637F9F3617EC840300BD1B20;
					};
				};
			};
			buildConfigurationList = 637F9F3217EC840300BD1B20 /* Build configuration list for PBXProject "blings" */;
			compatibilityVersion = "Xcode 3.2";
			developmentRegion = English;
			hasScannedForEncodings = 0;
			knownRegions = (
				en,
				Base,
			);
			mainGroup = 637F9F2E17EC840300BD1B20;
			productRefGroup = 637F9F3817EC840300BD1B20 /* Products */;
			projectDirPath = "";
			projectRoot = "";
			targets = (
				637F9F3617EC840300BD1B20 /* blings */,
				637F9F5A17EC840300BD1B20 /* blingsTests */,
			);
		};
/* End PBXProject section */

/* Begin PBXResourcesBuildPhase section */
		637F9F3517EC840300BD1B20 /* Resources */ = {
			isa = PBXResourcesBuildPhase;
			buildActionMask = 2147483647;
			files = (
				637F9F5117EC840300BD1B20 /* Main_iPad.storyboard in Resources */,
				637F9F5617EC840300BD1B20 /* Images.xcassets in Resources */,
				637F9F4E17EC840300BD1B20 /* Main_iPhone.storyboard in Resources */,
				637F9F4517EC840300BD1B20 /* InfoPlist.strings in Resources */,
			);
			runOnlyForDeploymentPostprocessing = 0;
		};
		637F9F5917EC840300BD1B20 /* Resources */ = {
			isa = PBXResourcesBuildPhase;
			buildActionMask = 2147483647;
			files = (
				637F9F6717EC840300BD1B20 /* InfoPlist.strings in Resources */,
			);
			runOnlyForDeploymentPostprocessing = 0;
		};
/* End PBXResourcesBuildPhase section */

/* Begin PBXSourcesBuildPhase section */
		637F9F3317EC840300BD1B20 /* Sources */ = {
			isa = PBXSourcesBuildPhase;
			buildActionMask = 2147483647;
			files = (
				637F9F4717EC840300BD1B20 /* main.m in Sources */,
				637F9F5417EC840300BD1B20 /* blingsViewController.m in Sources */,
				637F9F4B17EC840300BD1B20 /* blingsAppDelegate.m in Sources */,
			);
			runOnlyForDeploymentPostprocessing = 0;
		};
		637F9F5717EC840300BD1B20 /* Sources */ = {
			isa = PBXSourcesBuildPhase;
			buildActionMask = 2147483647;
			files = (
				637F9F6917EC840300BD1B20 /* blingsTests.m in Sources */,
			);
			runOnlyForDeploymentPostprocessing = 0;
		};
/* End PBXSourcesBuildPhase section */

/* Begin PBXTargetDependency section */
		637F9F6117EC840300BD1B20 /* PBXTargetDependency */ = {
			isa = PBXTargetDependency;
			target = 637F9F3617EC840300BD1B20 /* blings */;
			targetProxy = 637F9F6017EC840300BD1B20 /* PBXContainerItemProxy */;
		};
/* End PBXTargetDependency section */

/* Begin PBXVariantGroup section */
		637F9F4317EC840300BD1B20 /* InfoPlist.strings */ = {
			isa = PBXVariantGroup;
			children = (
				637F9F4417EC840300BD1B20 /* en */,
			);
			name = InfoPlist.strings;
			sourceTree = "<group>";
		};
		637F9F4C17EC840300BD1B20 /* Main_iPhone.storyboard */ = {
			isa = PBXVariantGroup;
			children = (
				637F9F4D17EC840300BD1B20 /* Base */,
			);
			name = Main_iPhone.storyboard;
			sourceTree = "<group>";
		};
		637F9F4F17EC840300BD1B20 /* Main_iPad.storyboard */ = {
			isa = PBXVariantGroup;
			children = (
				637F9F5017EC840300BD1B20 /* Base */,
			);
			name = Main_iPad.storyboard;
			sourceTree = "<group>";
		};
		637F9F6517EC840300BD1B20 /* InfoPlist.strings */ = {
			isa = PBXVariantGroup;
			children = (
				637F9F6617EC840300BD1B20 /* en */,
			);
			name = InfoPlist.strings;
			sourceTree = "<group>";
		};
/* End PBXVariantGroup section */

/* Begin XCBuildConfiguration section */
		637F9F6A17EC840300BD1B20 /* Debug */ = {
			isa = XCBuildConfiguration;
			buildSettings = {
				ALWAYS_SEARCH_USER_PATHS = NO;
				ARCHS = "$(ARCHS_STANDARD_INCLUDING_64_BIT)";
				CLANG_CXX_LANGUAGE_STANDARD = "gnu++0x";
				CLANG_CXX_LIBRARY = "libc++";
				CLANG_ENABLE_MODULES = YES;
				CLANG_ENABLE_OBJC_ARC = YES;
				CLANG_WARN_BOOL_CONVERSION = YES;
				CLANG_WARN_CONSTANT_CONVERSION = YES;
				CLANG_WARN_DIRECT_OBJC_ISA_USAGE = YES_ERROR;
				CLANG_WARN_EMPTY_BODY = YES;
				CLANG_WARN_ENUM_CONVERSION = YES;
				CLANG_WARN_INT_CONVERSION = YES;
				CLANG_WARN_OBJC_ROOT_CLASS = YES_ERROR;
				CLANG_WARN__DUPLICATE_METHOD_MATCH = YES;
				"CODE_SIGN_IDENTITY[sdk=iphoneos*]" = "iPhone Developer";
				COPY_PHASE_STRIP = NO;
				GCC_C_LANGUAGE_STANDARD = gnu99;
				GCC_DYNAMIC_NO_PIC = NO;
				GCC_OPTIMIZATION_LEVEL = 0;
				GCC_PREPROCESSOR_DEFINITIONS = (
					"DEBUG=1",
					"$(inherited)",
				);
				GCC_SYMBOLS_PRIVATE_EXTERN = NO;
				GCC_WARN_64_TO_32_BIT_CONVERSION = YES;
				GCC_WARN_ABOUT_RETURN_TYPE = YES_ERROR;
				GCC_WARN_UNDECLARED_SELECTOR = YES;
				GCC_WARN_UNINITIALIZED_AUTOS = YES;
				GCC_WARN_UNUSED_FUNCTION = YES;
				GCC_WARN_UNUSED_VARIABLE = YES;
				IPHONEOS_DEPLOYMENT_TARGET = 7.0;
				ONLY_ACTIVE_ARCH = YES;
				SDKROOT = iphoneos;
				TARGETED_DEVICE_FAMILY = "1,2";
			};
			name = Debug;
		};
		637F9F6B17EC840300BD1B20 /* Release */ = {
			isa = XCBuildConfiguration;
			buildSettings = {
				ALWAYS_SEARCH_USER_PATHS = NO;
				ARCHS = "$(ARCHS_STANDARD_INCLUDING_64_BIT)";
				CLANG_CXX_LANGUAGE_STANDARD = "gnu++0x";
				CLANG_CXX_LIBRARY = "libc++";
				CLANG_ENABLE_MODULES = YES;
				CLANG_ENABLE_OBJC_ARC = YES;
				CLANG_WARN_BOOL_CONVERSION = YES;
				CLANG_WARN_CONSTANT_CONVERSION = YES;
				CLANG_WARN_DIRECT_OBJC_ISA_USAGE = YES_ERROR;
				CLANG_WARN_EMPTY_BODY = YES;
				CLANG_WARN_ENUM_CONVERSION = YES;
				CLANG_WARN_INT_CONVERSION = YES;
				CLANG_WARN_OBJC_ROOT_CLASS = YES_ERROR;
				CLANG_WARN__DUPLICATE_METHOD_MATCH = YES;
				"CODE_SIGN_IDENTITY[sdk=iphoneos*]" = "iPhone Developer";
				COPY_PHASE_STRIP = YES;
				ENABLE_NS_ASSERTIONS = NO;
				GCC_C_LANGUAGE_STANDARD = gnu99;
				GCC_WARN_64_TO_32_BIT_CONVERSION = YES;
				GCC_WARN_ABOUT_RETURN_TYPE = YES_ERROR;
				GCC_WARN_UNDECLARED_SELECTOR = YES;
				GCC_WARN_UNINITIALIZED_AUTOS = YES;
				GCC_WARN_UNUSED_FUNCTION = YES;
				GCC_WARN_UNUSED_VARIABLE = YES;
				IPHONEOS_DEPLOYMENT_TARGET = 7.0;
				SDKROOT = iphoneos;
				TARGETED_DEVICE_FAMILY = "1,2";
				VALIDATE_PRODUCT = YES;
			};
			name = Release;
		};
		637F9F6D17EC840300BD1B20 /* Debug */ = {
			isa = XCBuildConfiguration;
			buildSettings = {
				ASSETCATALOG_COMPILER_APPICON_NAME = AppIcon;
				ASSETCATALOG_COMPILER_LAUNCHIMAGE_NAME = LaunchImage;
				GCC_PRECOMPILE_PREFIX_HEADER = YES;
				GCC_PREFIX_HEADER = "blings/blings-Prefix.pch";
				INFOPLIST_FILE = "blings/blings-Info.plist";
				PRODUCT_NAME = "$(TARGET_NAME)";
				WRAPPER_EXTENSION = app;
			};
			name = Debug;
		};
		637F9F6E17EC840300BD1B20 /* Release */ = {
			isa = XCBuildConfiguration;
			buildSettings = {
				ASSETCATALOG_COMPILER_APPICON_NAME = AppIcon;
				ASSETCATALOG_COMPILER_LAUNCHIMAGE_NAME = LaunchImage;
				GCC_PRECOMPILE_PREFIX_HEADER = YES;
				GCC_PREFIX_HEADER = "blings/blings-Prefix.pch";
				INFOPLIST_FILE = "blings/blings-Info.plist";
				PRODUCT_NAME = "$(TARGET_NAME)";
				WRAPPER_EXTENSION = app;
			};
			name = Release;
		};
		637F9F7017EC840300BD1B20 /* Debug */ = {
			isa = XCBuildConfiguration;
			buildSettings = {
				ARCHS = "$(ARCHS_STANDARD_INCLUDING_64_BIT)";
				BUNDLE_LOADER = "$(BUILT_PRODUCTS_DIR)/blings.app/blings";
				FRAMEWORK_SEARCH_PATHS = (
					"$(SDKROOT)/Developer/Library/Frameworks",
					"$(inherited)",
					"$(DEVELOPER_FRAMEWORKS_DIR)",
				);
				GCC_PRECOMPILE_PREFIX_HEADER = YES;
				GCC_PREFIX_HEADER = "blings/blings-Prefix.pch";
				GCC_PREPROCESSOR_DEFINITIONS = (
					"DEBUG=1",
					"$(inherited)",
				);
				INFOPLIST_FILE = "blingsTests/blingsTests-Info.plist";
				PRODUCT_NAME = "$(TARGET_NAME)";
				TEST_HOST = "$(BUNDLE_LOADER)";
				WRAPPER_EXTENSION = xctest;
			};
			name = Debug;
		};
		637F9F7117EC840300BD1B20 /* Release */ = {
			isa = XCBuildConfiguration;
			buildSettings = {
				ARCHS = "$(ARCHS_STANDARD_INCLUDING_64_BIT)";
				BUNDLE_LOADER = "$(BUILT_PRODUCTS_DIR)/blings.app/blings";
				FRAMEWORK_SEARCH_PATHS = (
					"$(SDKROOT)/Developer/Library/Frameworks",
					"$(inherited)",
					"$(DEVELOPER_FRAMEWORKS_DIR)",
				);
				GCC_PRECOMPILE_PREFIX_HEADER = YES;
				GCC_PREFIX_HEADER = "blings/blings-Prefix.pch";
				INFOPLIST_FILE = "blingsTests/blingsTests-Info.plist";
				PRODUCT_NAME = "$(TARGET_NAME)";
				TEST_HOST = "$(BUNDLE_LOADER)";
				WRAPPER_EXTENSION = xctest;
			};
			name = Release;
		};
/* End XCBuildConfiguration section */

/* Begin XCConfigurationList section */
		637F9F3217EC840300BD1B20 /* Build configuration list for PBXProject "blings" */ = {
			isa = XCConfigurationList;
			buildConfigurations = (
				637F9F6A17EC840300BD1B20 /* Debug */,
				637F9F6B17EC840300BD1B20 /* Release */,
			);
			defaultConfigurationIsVisible = 0;
			defaultConfigurationName = Release;
		};
		637F9F6C17EC840300BD1B20 /* Build configuration list for PBXNativeTarget "blings" */ = {
			isa = XCConfigurationList;
			buildConfigurations = (
				637F9F6D17EC840300BD1B20 /* Debug */,
				637F9F6E17EC840300BD1B20 /* Release */,
			);
			defaultConfigurationIsVisible = 0;
		};
		637F9F6F17EC840300BD1B20 /* Build configuration list for PBXNativeTarget "blingsTests" */ = {
			isa = XCConfigurationList;
			buildConfigurations = (
				637F9F7017EC840300BD1B20 /* Debug */,
				637F9F7117EC840300BD1B20 /* Release */,
			);
			defaultConfigurationIsVisible = 0;
		};
/* End XCConfigurationList section */
	};
	rootObject = 637F9F2F17EC840300BD1B20 /* Project object */;
}
